Microsoft Visual Studio Solution File, Format Version 7.00
Project("{FAE04EC0-301F-11D3-BF4B-00C04F79EFBC}") = "soapExamplesClient", "soapExamplesClient.csproj", "{DAF874D4-AED3-4F0D-B57E-14B520345818}"
EndProject
Global
	GlobalSection(SolutionConfiguration) = preSolution
		ConfigName.0 = Debug
		ConfigName.1 = Release
	EndGlobalSection
	GlobalSection(ProjectDependencies) = postSolution
	EndGlobalSection
	GlobalSection(ProjectConfiguration) = postSolution
		{DAF874D4-AED3-4F0D-B57E-14B520345818}.Debug.ActiveCfg = Debug|.NET
		{DAF874D4-AED3-4F0D-B57E-14B520345818}.Debug.Build.0 = Debug|.NET
		{DAF874D4-AED3-4F0D-B57E-14B520345818}.Release.ActiveCfg = Release|.NET
		{DAF874D4-AED3-4F0D-B57E-14B520345818}.Release.Build.0 = Release|.NET
	EndGlobalSection
	GlobalSection(ExtensibilityGlobals) = postSolution
	EndGlobalSection
	GlobalSection(ExtensibilityAddIns) = postSolution
	EndGlobalSection
EndGlobal
