Microsoft Visual Studio Solution File, Format Version 7.00
Project("{FAE04EC0-301F-11D3-BF4B-00C04F79EFBC}") = "AutoIncrementExample", "AutoIncrementExample.csproj", "{FB319AA4-DED3-4880-96CA-D7A128FF2A9B}"
EndProject
Global
	GlobalSection(SolutionConfiguration) = preSolution
		ConfigName.0 = Debug
		ConfigName.1 = Release
	EndGlobalSection
	GlobalSection(ProjectDependencies) = postSolution
	EndGlobalSection
	GlobalSection(ProjectConfiguration) = postSolution
		{FB319AA4-DED3-4880-96CA-D7A128FF2A9B}.Debug.ActiveCfg = Debug|.NET
		{FB319AA4-DED3-4880-96CA-D7A128FF2A9B}.Debug.Build.0 = Debug|.NET
		{FB319AA4-DED3-4880-96CA-D7A128FF2A9B}.Release.ActiveCfg = Release|.NET
		{FB319AA4-DED3-4880-96CA-D7A128FF2A9B}.Release.Build.0 = Release|.NET
	EndGlobalSection
	GlobalSection(ExtensibilityGlobals) = postSolution
	EndGlobalSection
	GlobalSection(ExtensibilityAddIns) = postSolution
	EndGlobalSection
EndGlobal
