Microsoft Visual Studio Solution File, Format Version 7.00
Project("{FAE04EC0-301F-11D3-BF4B-00C04F79EFBC}") = "DOM", "DOM.csproj", "{DCF16247-96C4-4D37-90BA-7473E99EF241}"
EndProject
Global
	GlobalSection(SolutionConfiguration) = preSolution
		ConfigName.0 = Debug
		ConfigName.1 = Release
	EndGlobalSection
	GlobalSection(ProjectDependencies) = postSolution
	EndGlobalSection
	GlobalSection(ProjectConfiguration) = postSolution
		{DCF16247-96C4-4D37-90BA-7473E99EF241}.Debug.ActiveCfg = Debug|.NET
		{DCF16247-96C4-4D37-90BA-7473E99EF241}.Debug.Build.0 = Debug|.NET
		{DCF16247-96C4-4D37-90BA-7473E99EF241}.Release.ActiveCfg = Release|.NET
		{DCF16247-96C4-4D37-90BA-7473E99EF241}.Release.Build.0 = Release|.NET
	EndGlobalSection
	GlobalSection(ExtensibilityGlobals) = postSolution
	EndGlobalSection
	GlobalSection(ExtensibilityAddIns) = postSolution
	EndGlobalSection
EndGlobal
